
Microsoft Visual Studio Solution File, Format Version 12.00
# Visual Studio Version 17
VisualStudioVersion = 17.0.31903.59
MinimumVisualStudioVersion = 10.0.40219.1
Project("{FAE04EC0-301F-11D3-BF4B-00C04F79EFBC}") = "PrintIt.Api", "PrintIt.Api\PrintIt.Api.csproj", "{918A874C-DB6C-4BE7-A568-7C82DE3C9B80}"
EndProject
Project("{FAE04EC0-301F-11D3-BF4B-00C04F79EFBC}") = "PrintIt.Domain", "PrintIt.Domain\PrintIt.Domain.csproj", "{98C5F520-7BBE-4E00-B53D-CA9D43C3DE78}"
EndProject
Project("{FAE04EC0-301F-11D3-BF4B-00C04F79EFBC}") = "PrintIt.Infrastructure", "PrintIt.Infrastructure\PrintIt.Infrastructure.csproj", "{6189B72C-00E1-4C51-AF50-102A71A9AA9B}"
EndProject
Project("{FAE04EC0-301F-11D3-BF4B-00C04F79EFBC}") = "PrintIt.Tests", "PrintIt.Tests\PrintIt.Tests.csproj", "{9FC1C6C1-34F6-40AD-BCCA-FF3066B20FBA}"
EndProject
Global
	GlobalSection(SolutionConfigurationPlatforms) = preSolution
		Debug|Any CPU = Debug|Any CPU
		Release|Any CPU = Release|Any CPU
	EndGlobalSection
	GlobalSection(SolutionProperties) = preSolution
		HideSolutionNode = FALSE
	EndGlobalSection
	GlobalSection(ProjectConfigurationPlatforms) = postSolution
		{918A874C-DB6C-4BE7-A568-7C82DE3C9B80}.Debug|Any CPU.ActiveCfg = Debug|Any CPU
		{918A874C-DB6C-4BE7-A568-7C82DE3C9B80}.Debug|Any CPU.Build.0 = Debug|Any CPU
		{918A874C-DB6C-4BE7-A568-7C82DE3C9B80}.Release|Any CPU.ActiveCfg = Release|Any CPU
		{918A874C-DB6C-4BE7-A568-7C82DE3C9B80}.Release|Any CPU.Build.0 = Release|Any CPU
		{98C5F520-7BBE-4E00-B53D-CA9D43C3DE78}.Debug|Any CPU.ActiveCfg = Debug|Any CPU
		{98C5F520-7BBE-4E00-B53D-CA9D43C3DE78}.Debug|Any CPU.Build.0 = Debug|Any CPU
		{98C5F520-7BBE-4E00-B53D-CA9D43C3DE78}.Release|Any CPU.ActiveCfg = Release|Any CPU
		{98C5F520-7BBE-4E00-B53D-CA9D43C3DE78}.Release|Any CPU.Build.0 = Release|Any CPU
		{6189B72C-00E1-4C51-AF50-102A71A9AA9B}.Debug|Any CPU.ActiveCfg = Debug|Any CPU
		{6189B72C-00E1-4C51-AF50-102A71A9AA9B}.Debug|Any CPU.Build.0 = Debug|Any CPU
		{6189B72C-00E1-4C51-AF50-102A71A9AA9B}.Release|Any CPU.ActiveCfg = Release|Any CPU
		{6189B72C-00E1-4C51-AF50-102A71A9AA9B}.Release|Any CPU.Build.0 = Release|Any CPU
		{9FC1C6C1-34F6-40AD-BCCA-FF3066B20FBA}.Debug|Any CPU.ActiveCfg = Debug|Any CPU
		{9FC1C6C1-34F6-40AD-BCCA-FF3066B20FBA}.Debug|Any CPU.Build.0 = Debug|Any CPU
		{9FC1C6C1-34F6-40AD-BCCA-FF3066B20FBA}.Release|Any CPU.ActiveCfg = Release|Any CPU
		{9FC1C6C1-34F6-40AD-BCCA-FF3066B20FBA}.Release|Any CPU.Build.0 = Release|Any CPU
	EndGlobalSection
EndGlobal
